// !$*UTF8*$!
{
	archiveVersion = 1;
	classes = {
	};
	objectVersion = 55;
	objects = {

/* Begin PBXBuildFile section */
		AF31C9DA2862FB1200156189 /* electronic_score_iosApp.swift in Sources */ = {isa = PBXBuildFile; fileRef = AF31C9D92862FB1200156189 /* electronic_score_iosApp.swift */; };
		AF31C9DC2862FB1200156189 /* ContentView.swift in Sources */ = {isa = PBXBuildFile; fileRef = AF31C9DB2862FB1200156189 /* ContentView.swift */; };
		AF31C9DE2862FB1300156189 /* Assets.xcassets in Resources */ = {isa = PBXBuildFile; fileRef = AF31C9DD2862FB1300156189 /* Assets.xcassets */; };
		AF31C9E12862FB1300156189 /* Preview Assets.xcassets in Resources */ = {isa = PBXBuildFile; fileRef = AF31C9E02862FB1300156189 /* Preview Assets.xcassets */; };
		AF31C9E728634C1B00156189 /* GameController.framework in Frameworks */ = {isa = PBXBuildFile; fileRef = AF31C9E628634C1B00156189 /* GameController.framework */; };
		AF39706C2860D86700B1CC91 /* AudioKit in Frameworks */ = {isa = PBXBuildFile; productRef = AF39706B2860D86700B1CC91 /* AudioKit */; };
		AF5DBF862860C3DB00509FAC /* electronic_score_exposition_tv_osApp.swift in Sources */ = {isa = PBXBuildFile; fileRef = AF5DBF852860C3DB00509FAC /* electronic_score_exposition_tv_osApp.swift */; };
		AF5DBF882860C3DB00509FAC /* ContentView.swift in Sources */ = {isa = PBXBuildFile; fileRef = AF5DBF872860C3DB00509FAC /* ContentView.swift */; };
		AF5DBF8A2860C3DC00509FAC /* Assets.xcassets in Resources */ = {isa = PBXBuildFile; fileRef = AF5DBF892860C3DC00509FAC /* Assets.xcassets */; };
		AF5DBF8D2860C3DC00509FAC /* Preview Assets.xcassets in Resources */ = {isa = PBXBuildFile; fileRef = AF5DBF8C2860C3DC00509FAC /* Preview Assets.xcassets */; };
		AF6EB2462861064F00DB1226 /* AudioKitEX in Frameworks */ = {isa = PBXBuildFile; productRef = AF6EB2452861064F00DB1226 /* AudioKitEX */; };
		AF6EB24F286108EA00DB1226 /* STKAudioKit in Frameworks */ = {isa = PBXBuildFile; productRef = AF6EB24E286108EA00DB1226 /* STKAudioKit */; };
		AF7594A92860FF0900D168C3 /* SoundpipeAudioKit in Frameworks */ = {isa = PBXBuildFile; productRef = AF7594A82860FF0900D168C3 /* SoundpipeAudioKit */; };
		AF7594AC2860FF1E00D168C3 /* SporthAudioKit in Frameworks */ = {isa = PBXBuildFile; productRef = AF7594AB2860FF1E00D168C3 /* SporthAudioKit */; };
/* End PBXBuildFile section */

/* Begin PBXFileReference section */
		AF31C9D72862FB1200156189 /* electronic-score-ios.app */ = {isa = PBXFileReference; explicitFileType = wrapper.application; includeInIndex = 0; path = "electronic-score-ios.app"; sourceTree = BUILT_PRODUCTS_DIR; };
		AF31C9D92862FB1200156189 /* electronic_score_iosApp.swift */ = {isa = PBXFileReference; lastKnownFileType = sourcecode.swift; path = electronic_score_iosApp.swift; sourceTree = "<group>"; };
		AF31C9DB2862FB1200156189 /* ContentView.swift */ = {isa = PBXFileReference; lastKnownFileType = sourcecode.swift; path = ContentView.swift; sourceTree = "<group>"; };
		AF31C9DD2862FB1300156189 /* Assets.xcassets */ = {isa = PBXFileReference; lastKnownFileType = folder.assetcatalog; path = Assets.xcassets; sourceTree = "<group>"; };
		AF31C9E02862FB1300156189 /* Preview Assets.xcassets */ = {isa = PBXFileReference; lastKnownFileType = folder.assetcatalog; path = "Preview Assets.xcassets"; sourceTree = "<group>"; };
		AF31C9E628634C1B00156189 /* GameController.framework */ = {isa = PBXFileReference; lastKnownFileType = wrapper.framework; name = GameController.framework; path = System/Library/Frameworks/GameController.framework; sourceTree = SDKROOT; };
		AF31C9E828634C1B00156189 /* Info.plist */ = {isa = PBXFileReference; lastKnownFileType = text.plist; path = Info.plist; sourceTree = "<group>"; };
		AF5DBF822860C3DB00509FAC /* electronic-score-exposition-tv-os.app */ = {isa = PBXFileReference; explicitFileType = wrapper.application; includeInIndex = 0; path = "electronic-score-exposition-tv-os.app"; sourceTree = BUILT_PRODUCTS_DIR; };
		AF5DBF852860C3DB00509FAC /* electronic_score_exposition_tv_osApp.swift */ = {isa = PBXFileReference; lastKnownFileType = sourcecode.swift; path = electronic_score_exposition_tv_osApp.swift; sourceTree = "<group>"; };
		AF5DBF872860C3DB00509FAC /* ContentView.swift */ = {isa = PBXFileReference; lastKnownFileType = sourcecode.swift; path = ContentView.swift; sourceTree = "<group>"; };
		AF5DBF892860C3DC00509FAC /* Assets.xcassets */ = {isa = PBXFileReference; lastKnownFileType = folder.assetcatalog; path = Assets.xcassets; sourceTree = "<group>"; };
		AF5DBF8C2860C3DC00509FAC /* Preview Assets.xcassets */ = {isa = PBXFileReference; lastKnownFileType = folder.assetcatalog; path = "Preview Assets.xcassets"; sourceTree = "<group>"; };
/* End PBXFileReference section */

/* Begin PBXFrameworksBuildPhase section */
		AF31C9D42862FB1200156189 /* Frameworks */ = {
			isa = PBXFrameworksBuildPhase;
			buildActionMask = 2147483647;
			files = (
			);
			runOnlyForDeploymentPostprocessing = 0;
		};
		AF5DBF7F2860C3DB00509FAC /* Frameworks */ = {
			isa = PBXFrameworksBuildPhase;
			buildActionMask = 2147483647;
			files = (
				AF7594AC2860FF1E00D168C3 /* SporthAudioKit in Frameworks */,
				AF6EB2462861064F00DB1226 /* AudioKitEX in Frameworks */,
				AF31C9E728634C1B00156189 /* GameController.framework in Frameworks */,
				AF6EB24F286108EA00DB1226 /* STKAudioKit in Frameworks */,
				AF7594A92860FF0900D168C3 /* SoundpipeAudioKit in Frameworks */,
				AF39706C2860D86700B1CC91 /* AudioKit in Frameworks */,
			);
			runOnlyForDeploymentPostprocessing = 0;
		};
/* End PBXFrameworksBuildPhase section */

/* Begin PBXGroup section */
		AF31C9D82862FB1200156189 /* electronic-score-ios */ = {
			isa = PBXGroup;
			children = (
				AF31C9D92862FB1200156189 /* electronic_score_iosApp.swift */,
				AF31C9DB2862FB1200156189 /* ContentView.swift */,
				AF31C9DD2862FB1300156189 /* Assets.xcassets */,
				AF31C9DF2862FB1300156189 /* Preview Content */,
			);
			path = "electronic-score-ios";
			sourceTree = "<group>";
		};
		AF31C9DF2862FB1300156189 /* Preview Content */ = {
			isa = PBXGroup;
			children = (
				AF31C9E02862FB1300156189 /* Preview Assets.xcassets */,
			);
			path = "Preview Content";
			sourceTree = "<group>";
		};
		AF31C9E528634C1B00156189 /* Frameworks */ = {
			isa = PBXGroup;
			children = (
				AF31C9E628634C1B00156189 /* GameController.framework */,
			);
			name = Frameworks;
			sourceTree = "<group>";
		};
		AF5DBF792860C3DB00509FAC = {
			isa = PBXGroup;
			children = (
				AF5DBF842860C3DB00509FAC /* electronic-score-exposition-tv-os */,
				AF31C9D82862FB1200156189 /* electronic-score-ios */,
				AF5DBF832860C3DB00509FAC /* Products */,
				AF31C9E528634C1B00156189 /* Frameworks */,
			);
			sourceTree = "<group>";
		};
		AF5DBF832860C3DB00509FAC /* Products */ = {
			isa = PBXGroup;
			children = (
				AF5DBF822860C3DB00509FAC /* electronic-score-exposition-tv-os.app */,
				AF31C9D72862FB1200156189 /* electronic-score-ios.app */,
			);
			name = Products;
			sourceTree = "<group>";
		};
		AF5DBF842860C3DB00509FAC /* electronic-score-exposition-tv-os */ = {
			isa = PBXGroup;
			children = (
				AF31C9E828634C1B00156189 /* Info.plist */,
				AF5DBF852860C3DB00509FAC /* electronic_score_exposition_tv_osApp.swift */,
				AF5DBF872860C3DB00509FAC /* ContentView.swift */,
				AF5DBF892860C3DC00509FAC /* Assets.xcassets */,
				AF5DBF8B2860C3DC00509FAC /* Preview Content */,
			);
			path = "electronic-score-exposition-tv-os";
			sourceTree = "<group>";
		};
		AF5DBF8B2860C3DC00509FAC /* Preview Content */ = {
			isa = PBXGroup;
			children = (
				AF5DBF8C2860C3DC00509FAC /* Preview Assets.xcassets */,
			);
			path = "Preview Content";
			sourceTree = "<group>";
		};
/* End PBXGroup section */

/* Begin PBXNativeTarget section */
		AF31C9D62862FB1200156189 /* electronic-score-ios */ = {
			isa = PBXNativeTarget;
			buildConfigurationList = AF31C9E42862FB1300156189 /* Build configuration list for PBXNativeTarget "electronic-score-ios" */;
			buildPhases = (
				AF31C9D32862FB1200156189 /* Sources */,
				AF31C9D42862FB1200156189 /* Frameworks */,
				AF31C9D52862FB1200156189 /* Resources */,
			);
			buildRules = (
			);
			dependencies = (
			);
			name = "electronic-score-ios";
			productName = "electronic-score-ios";
			productReference = AF31C9D72862FB1200156189 /* electronic-score-ios.app */;
			productType = "com.apple.product-type.application";
		};
		AF5DBF812860C3DB00509FAC /* electronic-score-exposition-tv-os */ = {
			isa = PBXNativeTarget;
			buildConfigurationList = AF5DBF902860C3DC00509FAC /* Build configuration list for PBXNativeTarget "electronic-score-exposition-tv-os" */;
			buildPhases = (
				AF5DBF7E2860C3DB00509FAC /* Sources */,
				AF5DBF7F2860C3DB00509FAC /* Frameworks */,
				AF5DBF802860C3DB00509FAC /* Resources */,
			);
			buildRules = (
			);
			dependencies = (
			);
			name = "electronic-score-exposition-tv-os";
			packageProductDependencies = (
				AF39706B2860D86700B1CC91 /* AudioKit */,
				AF7594A82860FF0900D168C3 /* SoundpipeAudioKit */,
				AF7594AB2860FF1E00D168C3 /* SporthAudioKit */,
				AF6EB2452861064F00DB1226 /* AudioKitEX */,
				AF6EB24E286108EA00DB1226 /* STKAudioKit */,
			);
			productName = "electronic-score-exposition-tv-os";
			productReference = AF5DBF822860C3DB00509FAC /* electronic-score-exposition-tv-os.app */;
			productType = "com.apple.product-type.application";
		};
/* End PBXNativeTarget section */

/* Begin PBXProject section */
		AF5DBF7A2860C3DB00509FAC /* Project object */ = {
			isa = PBXProject;
			attributes = {
				BuildIndependentTargetsInParallel = 1;
				LastSwiftUpdateCheck = 1340;
				LastUpgradeCheck = 1340;
				TargetAttributes = {
					AF31C9D62862FB1200156189 = {
						CreatedOnToolsVersion = 13.4.1;
					};
					AF5DBF812860C3DB00509FAC = {
						CreatedOnToolsVersion = 13.4.1;
					};
				};
			};
			buildConfigurationList = AF5DBF7D2860C3DB00509FAC /* Build configuration list for PBXProject "electronic-score-exposition-tv-os" */;
			compatibilityVersion = "Xcode 13.0";
			developmentRegion = en;
			hasScannedForEncodings = 0;
			knownRegions = (
				en,
				Base,
			);
			mainGroup = AF5DBF792860C3DB00509FAC;
			packageReferences = (
				AF39706A2860D86700B1CC91 /* XCRemoteSwiftPackageReference "AudioKit" */,
				AF7594A72860FF0900D168C3 /* XCRemoteSwiftPackageReference "SoundpipeAudioKit" */,
				AF7594AA2860FF1E00D168C3 /* XCRemoteSwiftPackageReference "SporthAudioKit" */,
				AF6EB2442861064F00DB1226 /* XCRemoteSwiftPackageReference "AudioKitEX" */,
				AF6EB24D286108EA00DB1226 /* XCRemoteSwiftPackageReference "STKAudioKit" */,
			);
			productRefGroup = AF5DBF832860C3DB00509FAC /* Products */;
			projectDirPath = "";
			projectRoot = "";
			targets = (
				AF5DBF812860C3DB00509FAC /* electronic-score-exposition-tv-os */,
				AF31C9D62862FB1200156189 /* electronic-score-ios */,
			);
		};
/* End PBXProject section */

/* Begin PBXResourcesBuildPhase section */
		AF31C9D52862FB1200156189 /* Resources */ = {
			isa = PBXResourcesBuildPhase;
			buildActionMask = 2147483647;
			files = (
				AF31C9E12862FB1300156189 /* Preview Assets.xcassets in Resources */,
				AF31C9DE2862FB1300156189 /* Assets.xcassets in Resources */,
			);
			runOnlyForDeploymentPostprocessing = 0;
		};
		AF5DBF802860C3DB00509FAC /* Resources */ = {
			isa = PBXResourcesBuildPhase;
			buildActionMask = 2147483647;
			files = (
				AF5DBF8D2860C3DC00509FAC /* Preview Assets.xcassets in Resources */,
				AF5DBF8A2860C3DC00509FAC /* Assets.xcassets in Resources */,
			);
			runOnlyForDeploymentPostprocessing = 0;
		};
/* End PBXResourcesBuildPhase section */

/* Begin PBXSourcesBuildPhase section */
		AF31C9D32862FB1200156189 /* Sources */ = {
			isa = PBXSourcesBuildPhase;
			buildActionMask = 2147483647;
			files = (
				AF31C9DC2862FB1200156189 /* ContentView.swift in Sources */,
				AF31C9DA2862FB1200156189 /* electronic_score_iosApp.swift in Sources */,
			);
			runOnlyForDeploymentPostprocessing = 0;
		};
		AF5DBF7E2860C3DB00509FAC /* Sources */ = {
			isa = PBXSourcesBuildPhase;
			buildActionMask = 2147483647;
			files = (
				AF5DBF882860C3DB00509FAC /* ContentView.swift in Sources */,
				AF5DBF862860C3DB00509FAC /* electronic_score_exposition_tv_osApp.swift in Sources */,
			);
			runOnlyForDeploymentPostprocessing = 0;
		};
/* End PBXSourcesBuildPhase section */

/* Begin XCBuildConfiguration section */
		AF31C9E22862FB1300156189 /* Debug */ = {
			isa = XCBuildConfiguration;
			buildSettings = {
				ASSETCATALOG_COMPILER_APPICON_NAME = AppIcon;
				ASSETCATALOG_COMPILER_GLOBAL_ACCENT_COLOR_NAME = AccentColor;
				CODE_SIGN_STYLE = Automatic;
				CURRENT_PROJECT_VERSION = 1;
				DEVELOPMENT_ASSET_PATHS = "\"electronic-score-ios/Preview Content\"";
				DEVELOPMENT_TEAM = X25MYBWQ7U;
				ENABLE_PREVIEWS = YES;
				GENERATE_INFOPLIST_FILE = YES;
				INFOPLIST_KEY_UIApplicationSceneManifest_Generation = YES;
				INFOPLIST_KEY_UIApplicationSupportsIndirectInputEvents = YES;
				INFOPLIST_KEY_UILaunchScreen_Generation = YES;
				INFOPLIST_KEY_UISupportedInterfaceOrientations_iPad = "UIInterfaceOrientationPortrait UIInterfaceOrientationPortraitUpsideDown UIInterfaceOrientationLandscapeLeft UIInterfaceOrientationLandscapeRight";
				INFOPLIST_KEY_UISupportedInterfaceOrientations_iPhone = "UIInterfaceOrientationPortrait UIInterfaceOrientationLandscapeLeft UIInterfaceOrientationLandscapeRight";
				IPHONEOS_DEPLOYMENT_TARGET = 15.5;
				LD_RUNPATH_SEARCH_PATHS = (
					"$(inherited)",
					"@executable_path/Frameworks",
				);
				MARKETING_VERSION = 1.0;
				PRODUCT_BUNDLE_IDENTIFIER = "com.eldarsadykov.electronic-score-ios";
				PRODUCT_NAME = "$(TARGET_NAME)";
				SDKROOT = iphoneos;
				SWIFT_EMIT_LOC_STRINGS = YES;
				SWIFT_VERSION = 5.0;
				TARGETED_DEVICE_FAMILY = "1,2";
			};
			name = Debug;
		};
		AF31C9E32862FB1300156189 /* Release */ = {
			isa = XCBuildConfiguration;
			buildSettings = {
				ASSETCATALOG_COMPILER_APPICON_NAME = AppIcon;
				ASSETCATALOG_COMPILER_GLOBAL_ACCENT_COLOR_NAME = AccentColor;
				CODE_SIGN_STYLE = Automatic;
				CURRENT_PROJECT_VERSION = 1;
				DEVELOPMENT_ASSET_PATHS = "\"electronic-score-ios/Preview Content\"";
				DEVELOPMENT_TEAM = X25MYBWQ7U;
				ENABLE_PREVIEWS = YES;
				GENERATE_INFOPLIST_FILE = YES;
				INFOPLIST_KEY_UIApplicationSceneManifest_Generation = YES;
				INFOPLIST_KEY_UIApplicationSupportsIndirectInputEvents = YES;
				INFOPLIST_KEY_UILaunchScreen_Generation = YES;
				INFOPLIST_KEY_UISupportedInterfaceOrientations_iPad = "UIInterfaceOrientationPortrait UIInterfaceOrientationPortraitUpsideDown UIInterfaceOrientationLandscapeLeft UIInterfaceOrientationLandscapeRight";
				INFOPLIST_KEY_UISupportedInterfaceOrientations_iPhone = "UIInterfaceOrientationPortrait UIInterfaceOrientationLandscapeLeft UIInterfaceOrientationLandscapeRight";
				IPHONEOS_DEPLOYMENT_TARGET = 15.5;
				LD_RUNPATH_SEARCH_PATHS = (
					"$(inherited)",
					"@executable_path/Frameworks",
				);
				MARKETING_VERSION = 1.0;
				PRODUCT_BUNDLE_IDENTIFIER = "com.eldarsadykov.electronic-score-ios";
				PRODUCT_NAME = "$(TARGET_NAME)";
				SDKROOT = iphoneos;
				SWIFT_EMIT_LOC_STRINGS = YES;
				SWIFT_VERSION = 5.0;
				TARGETED_DEVICE_FAMILY = "1,2";
			};
			name = Release;
		};
		AF5DBF8E2860C3DC00509FAC /* Debug */ = {
			isa = XCBuildConfiguration;
			buildSettings = {
				ALWAYS_SEARCH_USER_PATHS = NO;
				CLANG_ANALYZER_NONNULL = YES;
				CLANG_ANALYZER_NUMBER_OBJECT_CONVERSION = YES_AGGRESSIVE;
				CLANG_CXX_LANGUAGE_STANDARD = "gnu++17";
				CLANG_ENABLE_MODULES = YES;
				CLANG_ENABLE_OBJC_ARC = YES;
				CLANG_ENABLE_OBJC_WEAK = YES;
				CLANG_WARN_BLOCK_CAPTURE_AUTORELEASING = YES;
				CLANG_WARN_BOOL_CONVERSION = YES;
				CLANG_WARN_COMMA = YES;
				CLANG_WARN_CONSTANT_CONVERSION = YES;
				CLANG_WARN_DEPRECATED_OBJC_IMPLEMENTATIONS = YES;
				CLANG_WARN_DIRECT_OBJC_ISA_USAGE = YES_ERROR;
				CLANG_WARN_DOCUMENTATION_COMMENTS = YES;
				CLANG_WARN_EMPTY_BODY = YES;
				CLANG_WARN_ENUM_CONVERSION = YES;
				CLANG_WARN_INFINITE_RECURSION = YES;
				CLANG_WARN_INT_CONVERSION = YES;
				CLANG_WARN_NON_LITERAL_NULL_CONVERSION = YES;
				CLANG_WARN_OBJC_IMPLICIT_RETAIN_SELF = YES;
				CLANG_WARN_OBJC_LITERAL_CONVERSION = YES;
				CLANG_WARN_OBJC_ROOT_CLASS = YES_ERROR;
				CLANG_WARN_QUOTED_INCLUDE_IN_FRAMEWORK_HEADER = YES;
				CLANG_WARN_RANGE_LOOP_ANALYSIS = YES;
				CLANG_WARN_STRICT_PROTOTYPES = YES;
				CLANG_WARN_SUSPICIOUS_MOVE = YES;
				CLANG_WARN_UNGUARDED_AVAILABILITY = YES_AGGRESSIVE;
				CLANG_WARN_UNREACHABLE_CODE = YES;
				CLANG_WARN__DUPLICATE_METHOD_MATCH = YES;
				COPY_PHASE_STRIP = NO;
				DEBUG_INFORMATION_FORMAT = dwarf;
				ENABLE_STRICT_OBJC_MSGSEND = YES;
				ENABLE_TESTABILITY = YES;
				GCC_C_LANGUAGE_STANDARD = gnu11;
				GCC_DYNAMIC_NO_PIC = NO;
				GCC_NO_COMMON_BLOCKS = YES;
				GCC_OPTIMIZATION_LEVEL = 0;
				GCC_PREPROCESSOR_DEFINITIONS = (
					"DEBUG=1",
					"$(inherited)",
				);
				GCC_WARN_64_TO_32_BIT_CONVERSION = YES;
				GCC_WARN_ABOUT_RETURN_TYPE = YES_ERROR;
				GCC_WARN_UNDECLARED_SELECTOR = YES;
				GCC_WARN_UNINITIALIZED_AUTOS = YES_AGGRESSIVE;
				GCC_WARN_UNUSED_FUNCTION = YES;
				GCC_WARN_UNUSED_VARIABLE = YES;
				MTL_ENABLE_DEBUG_INFO = INCLUDE_SOURCE;
				MTL_FAST_MATH = YES;
				ONLY_ACTIVE_ARCH = YES;
				SDKROOT = appletvos;
				SWIFT_ACTIVE_COMPILATION_CONDITIONS = DEBUG;
				SWIFT_OPTIMIZATION_LEVEL = "-Onone";
				TVOS_DEPLOYMENT_TARGET = 15.4;
			};
			name = Debug;
		};
		AF5DBF8F2860C3DC00509FAC /* Release */ = {
			isa = XCBuildConfiguration;
			buildSettings = {
				ALWAYS_SEARCH_USER_PATHS = NO;
				CLANG_ANALYZER_NONNULL = YES;
				CLANG_ANALYZER_NUMBER_OBJECT_CONVERSION = YES_AGGRESSIVE;
				CLANG_CXX_LANGUAGE_STANDARD = "gnu++17";
				CLANG_ENABLE_MODULES = YES;
				CLANG_ENABLE_OBJC_ARC = YES;
				CLANG_ENABLE_OBJC_WEAK = YES;
				CLANG_WARN_BLOCK_CAPTURE_AUTORELEASING = YES;
				CLANG_WARN_BOOL_CONVERSION = YES;
				CLANG_WARN_COMMA = YES;
				CLANG_WARN_CONSTANT_CONVERSION = YES;
				CLANG_WARN_DEPRECATED_OBJC_IMPLEMENTATIONS = YES;
				CLANG_WARN_DIRECT_OBJC_ISA_USAGE = YES_ERROR;
				CLANG_WARN_DOCUMENTATION_COMMENTS = YES;
				CLANG_WARN_EMPTY_BODY = YES;
				CLANG_WARN_ENUM_CONVERSION = YES;
				CLANG_WARN_INFINITE_RECURSION = YES;
				CLANG_WARN_INT_CONVERSION = YES;
				CLANG_WARN_NON_LITERAL_NULL_CONVERSION = YES;
				CLANG_WARN_OBJC_IMPLICIT_RETAIN_SELF = YES;
				CLANG_WARN_OBJC_LITERAL_CONVERSION = YES;
				CLANG_WARN_OBJC_ROOT_CLASS = YES_ERROR;
				CLANG_WARN_QUOTED_INCLUDE_IN_FRAMEWORK_HEADER = YES;
				CLANG_WARN_RANGE_LOOP_ANALYSIS = YES;
				CLANG_WARN_STRICT_PROTOTYPES = YES;
				CLANG_WARN_SUSPICIOUS_MOVE = YES;
				CLANG_WARN_UNGUARDED_AVAILABILITY = YES_AGGRESSIVE;
				CLANG_WARN_UNREACHABLE_CODE = YES;
				CLANG_WARN__DUPLICATE_METHOD_MATCH = YES;
				COPY_PHASE_STRIP = NO;
				DEBUG_INFORMATION_FORMAT = "dwarf-with-dsym";
				ENABLE_NS_ASSERTIONS = NO;
				ENABLE_STRICT_OBJC_MSGSEND = YES;
				GCC_C_LANGUAGE_STANDARD = gnu11;
				GCC_NO_COMMON_BLOCKS = YES;
				GCC_WARN_64_TO_32_BIT_CONVERSION = YES;
				GCC_WARN_ABOUT_RETURN_TYPE = YES_ERROR;
				GCC_WARN_UNDECLARED_SELECTOR = YES;
				GCC_WARN_UNINITIALIZED_AUTOS = YES_AGGRESSIVE;
				GCC_WARN_UNUSED_FUNCTION = YES;
				GCC_WARN_UNUSED_VARIABLE = YES;
				MTL_ENABLE_DEBUG_INFO = NO;
				MTL_FAST_MATH = YES;
				SDKROOT = appletvos;
				SWIFT_COMPILATION_MODE = wholemodule;
				SWIFT_OPTIMIZATION_LEVEL = "-O";
				TVOS_DEPLOYMENT_TARGET = 15.4;
				VALIDATE_PRODUCT = YES;
			};
			name = Release;
		};
		AF5DBF912860C3DC00509FAC /* Debug */ = {
			isa = XCBuildConfiguration;
			buildSettings = {
				ASSETCATALOG_COMPILER_APPICON_NAME = "App Icon & Top Shelf Image";
				ASSETCATALOG_COMPILER_GLOBAL_ACCENT_COLOR_NAME = AccentColor;
				CODE_SIGN_STYLE = Automatic;
				CURRENT_PROJECT_VERSION = 1;
				DEVELOPMENT_ASSET_PATHS = "\"electronic-score-exposition-tv-os/Preview Content\"";
				DEVELOPMENT_TEAM = X25MYBWQ7U;
				ENABLE_PREVIEWS = YES;
				GENERATE_INFOPLIST_FILE = YES;
				INFOPLIST_FILE = "electronic-score-exposition-tv-os/Info.plist";
				INFOPLIST_KEY_UILaunchScreen_Generation = YES;
				INFOPLIST_KEY_UIUserInterfaceStyle = Automatic;
				LD_RUNPATH_SEARCH_PATHS = (
					"$(inherited)",
					"@executable_path/Frameworks",
				);
				MARKETING_VERSION = 1.0;
				PRODUCT_BUNDLE_IDENTIFIER = "com.eldarsadykov.electronic-score-exposition-tv-os";
				PRODUCT_NAME = "$(TARGET_NAME)";
				SWIFT_EMIT_LOC_STRINGS = YES;
				SWIFT_VERSION = 5.0;
				TARGETED_DEVICE_FAMILY = 3;
				TVOS_DEPLOYMENT_TARGET = 15.4;
			};
			name = Debug;
		};
		AF5DBF922860C3DC00509FAC /* Release */ = {
			isa = XCBuildConfiguration;
			buildSettings = {
				ASSETCATALOG_COMPILER_APPICON_NAME = "App Icon & Top Shelf Image";
				ASSETCATALOG_COMPILER_GLOBAL_ACCENT_COLOR_NAME = AccentColor;
				CODE_SIGN_STYLE = Automatic;
				CURRENT_PROJECT_VERSION = 1;
				DEVELOPMENT_ASSET_PATHS = "\"electronic-score-exposition-tv-os/Preview Content\"";
				DEVELOPMENT_TEAM = X25MYBWQ7U;
				ENABLE_PREVIEWS = YES;
				GENERATE_INFOPLIST_FILE = YES;
				INFOPLIST_FILE = "electronic-score-exposition-tv-os/Info.plist";
				INFOPLIST_KEY_UILaunchScreen_Generation = YES;
				INFOPLIST_KEY_UIUserInterfaceStyle = Automatic;
				LD_RUNPATH_SEARCH_PATHS = (
					"$(inherited)",
					"@executable_path/Frameworks",
				);
				MARKETING_VERSION = 1.0;
				PRODUCT_BUNDLE_IDENTIFIER = "com.eldarsadykov.electronic-score-exposition-tv-os";
				PRODUCT_NAME = "$(TARGET_NAME)";
				SWIFT_EMIT_LOC_STRINGS = YES;
				SWIFT_VERSION = 5.0;
				TARGETED_DEVICE_FAMILY = 3;
				TVOS_DEPLOYMENT_TARGET = 15.4;
			};
			name = Release;
		};
/* End XCBuildConfiguration section */

/* Begin XCConfigurationList section */
		AF31C9E42862FB1300156189 /* Build configuration list for PBXNativeTarget "electronic-score-ios" */ = {
			isa = XCConfigurationList;
			buildConfigurations = (
				AF31C9E22862FB1300156189 /* Debug */,
				AF31C9E32862FB1300156189 /* Release */,
			);
			defaultConfigurationIsVisible = 0;
			defaultConfigurationName = Release;
		};
		AF5DBF7D2860C3DB00509FAC /* Build configuration list for PBXProject "electronic-score-exposition-tv-os" */ = {
			isa = XCConfigurationList;
			buildConfigurations = (
				AF5DBF8E2860C3DC00509FAC /* Debug */,
				AF5DBF8F2860C3DC00509FAC /* Release */,
			);
			defaultConfigurationIsVisible = 0;
			defaultConfigurationName = Release;
		};
		AF5DBF902860C3DC00509FAC /* Build configuration list for PBXNativeTarget "electronic-score-exposition-tv-os" */ = {
			isa = XCConfigurationList;
			buildConfigurations = (
				AF5DBF912860C3DC00509FAC /* Debug */,
				AF5DBF922860C3DC00509FAC /* Release */,
			);
			defaultConfigurationIsVisible = 0;
			defaultConfigurationName = Release;
		};
/* End XCConfigurationList section */

/* Begin XCRemoteSwiftPackageReference section */
		AF39706A2860D86700B1CC91 /* XCRemoteSwiftPackageReference "AudioKit" */ = {
			isa = XCRemoteSwiftPackageReference;
			repositoryURL = "https://github.com/AudioKit/AudioKit.git";
			requirement = {
				kind = upToNextMajorVersion;
				minimumVersion = 5.0.0;
			};
		};
		AF6EB2442861064F00DB1226 /* XCRemoteSwiftPackageReference "AudioKitEX" */ = {
			isa = XCRemoteSwiftPackageReference;
			repositoryURL = "https://github.com/AudioKit/AudioKitEX.git";
			requirement = {
				kind = upToNextMajorVersion;
				minimumVersion = 5.0.0;
			};
		};
		AF6EB24D286108EA00DB1226 /* XCRemoteSwiftPackageReference "STKAudioKit" */ = {
			isa = XCRemoteSwiftPackageReference;
			repositoryURL = "https://github.com/AudioKit/STKAudioKit.git";
			requirement = {
				kind = upToNextMajorVersion;
				minimumVersion = 5.0.0;
			};
		};
		AF7594A72860FF0900D168C3 /* XCRemoteSwiftPackageReference "SoundpipeAudioKit" */ = {
			isa = XCRemoteSwiftPackageReference;
			repositoryURL = "https://github.com/AudioKit/SoundpipeAudioKit.git";
			requirement = {
				kind = upToNextMajorVersion;
				minimumVersion = 5.0.0;
			};
		};
		AF7594AA2860FF1E00D168C3 /* XCRemoteSwiftPackageReference "SporthAudioKit" */ = {
			isa = XCRemoteSwiftPackageReference;
			repositoryURL = "https://github.com/AudioKit/SporthAudioKit.git";
			requirement = {
				kind = upToNextMajorVersion;
				minimumVersion = 5.0.0;
			};
		};
/* End XCRemoteSwiftPackageReference section */

/* Begin XCSwiftPackageProductDependency section */
		AF39706B2860D86700B1CC91 /* AudioKit */ = {
			isa = XCSwiftPackageProductDependency;
			package = AF39706A2860D86700B1CC91 /* XCRemoteSwiftPackageReference "AudioKit" */;
			productName = AudioKit;
		};
		AF6EB2452861064F00DB1226 /* AudioKitEX */ = {
			isa = XCSwiftPackageProductDependency;
			package = AF6EB2442861064F00DB1226 /* XCRemoteSwiftPackageReference "AudioKitEX" */;
			productName = AudioKitEX;
		};
		AF6EB24E286108EA00DB1226 /* STKAudioKit */ = {
			isa = XCSwiftPackageProductDependency;
			package = AF6EB24D286108EA00DB1226 /* XCRemoteSwiftPackageReference "STKAudioKit" */;
			productName = STKAudioKit;
		};
		AF7594A82860FF0900D168C3 /* SoundpipeAudioKit */ = {
			isa = XCSwiftPackageProductDependency;
			package = AF7594A72860FF0900D168C3 /* XCRemoteSwiftPackageReference "SoundpipeAudioKit" */;
			productName = SoundpipeAudioKit;
		};
		AF7594AB2860FF1E00D168C3 /* SporthAudioKit */ = {
			isa = XCSwiftPackageProductDependency;
			package = AF7594AA2860FF1E00D168C3 /* XCRemoteSwiftPackageReference "SporthAudioKit" */;
			productName = SporthAudioKit;
		};
/* End XCSwiftPackageProductDependency section */
	};
	rootObject = AF5DBF7A2860C3DB00509FAC /* Project object */;
}
